
Microsoft Visual Studio Solution File, Format Version 12.00
# Visual Studio Version 17
VisualStudioVersion = 17.7.34221.43
MinimumVisualStudioVersion = 10.0.40219.1
Project("{FAE04EC0-301F-11D3-BF4B-00C04F79EFBC}") = "Sample.Brand", "Sample.Brand.csproj", "{5149861F-9B03-44A0-9A0A-0DC03B25D94E}"
EndProject
Global
	GlobalSection(SolutionConfigurationPlatforms) = preSolution
		Debug|Any CPU = Debug|Any CPU
		Release|Any CPU = Release|Any CPU
	EndGlobalSection
	GlobalSection(ProjectConfigurationPlatforms) = postSolution
		{5149861F-9B03-44A0-9A0A-0DC03B25D94E}.Debug|Any CPU.ActiveCfg = Debug|Any CPU
		{5149861F-9B03-44A0-9A0A-0DC03B25D94E}.Debug|Any CPU.Build.0 = Debug|Any CPU
		{5149861F-9B03-44A0-9A0A-0DC03B25D94E}.Release|Any CPU.ActiveCfg = Release|Any CPU
		{5149861F-9B03-44A0-9A0A-0DC03B25D94E}.Release|Any CPU.Build.0 = Release|Any CPU
	EndGlobalSection
	GlobalSection(SolutionProperties) = preSolution
		HideSolutionNode = FALSE
	EndGlobalSection
	GlobalSection(ExtensibilityGlobals) = postSolution
		SolutionGuid = {1031EA8D-8FE3-4BB2-BC09-7451AD92392E}
	EndGlobalSection
EndGlobal
